// !$*UTF8*$!
{
	archiveVersion = 1;
	classes = {
	};
	objectVersion = 50;
	objects = {

/* Begin PBXBuildFile section */
		58501B5E2444B9E8006A90B4 /* AppDelegate.swift in Sources */ = {isa = PBXBuildFile; fileRef = 58501B5D2444B9E8006A90B4 /* AppDelegate.swift */; };
		58501B602444B9E8006A90B4 /* SceneDelegate.swift in Sources */ = {isa = PBXBuildFile; fileRef = 58501B5F2444B9E8006A90B4 /* SceneDelegate.swift */; };
		58501B622444B9E8006A90B4 /* MediaFeedNewsController.swift in Sources */ = {isa = PBXBuildFile; fileRef = 58501B612444B9E8006A90B4 /* MediaFeedNewsController.swift */; };
		58501B652444B9E8006A90B4 /* Main.storyboard in Resources */ = {isa = PBXBuildFile; fileRef = 58501B632444B9E8006A90B4 /* Main.storyboard */; };
		58501B6A2444B9EC006A90B4 /* Assets.xcassets in Resources */ = {isa = PBXBuildFile; fileRef = 58501B692444B9EC006A90B4 /* Assets.xcassets */; };
		58501B6D2444B9EC006A90B4 /* LaunchScreen.storyboard in Resources */ = {isa = PBXBuildFile; fileRef = 58501B6B2444B9EC006A90B4 /* LaunchScreen.storyboard */; };
		5856643A2446190500430A13 /* MediaFeedDataModel.xcdatamodeld in Sources */ = {isa = PBXBuildFile; fileRef = 585664382446190500430A13 /* MediaFeedDataModel.xcdatamodeld */; };
		5856643D24461BB700430A13 /* CDMediaObject+CoreDataClass.swift in Sources */ = {isa = PBXBuildFile; fileRef = 5856643B24461BB700430A13 /* CDMediaObject+CoreDataClass.swift */; };
		5856643E24461BB700430A13 /* CDMediaObject+CoreDataProperties.swift in Sources */ = {isa = PBXBuildFile; fileRef = 5856643C24461BB700430A13 /* CDMediaObject+CoreDataProperties.swift */; };
		5856644024461C6F00430A13 /* CoreDataManager.swift in Sources */ = {isa = PBXBuildFile; fileRef = 5856643F24461C6F00430A13 /* CoreDataManager.swift */; };
		587274B12444C02E009A8ED2 /* MediaCell.swift in Sources */ = {isa = PBXBuildFile; fileRef = 587274B02444C02E009A8ED2 /* MediaCell.swift */; };
		587274B32444C06C009A8ED2 /* HeaderView.swift in Sources */ = {isa = PBXBuildFile; fileRef = 587274B22444C06C009A8ED2 /* HeaderView.swift */; };
		587274B52444C40B009A8ED2 /* MediaObject.swift in Sources */ = {isa = PBXBuildFile; fileRef = 587274B42444C40B009A8ED2 /* MediaObject.swift */; };
		587274B72444EB55009A8ED2 /* URL+VideoPreviewThumbnail.swift in Sources */ = {isa = PBXBuildFile; fileRef = 587274B62444EB55009A8ED2 /* URL+VideoPreviewThumbnail.swift */; };
		58C78C5D244751FB006322B6 /* Data+ConvertToURL.swift in Sources */ = {isa = PBXBuildFile; fileRef = 58C78C5C244751FB006322B6 /* Data+ConvertToURL.swift */; };
/* End PBXBuildFile section */

/* Begin PBXFileReference section */
		58501B5A2444B9E8006A90B4 /* AVFoundation-MediaFeed.app */ = {isa = PBXFileReference; explicitFileType = wrapper.application; includeInIndex = 0; path = "AVFoundation-MediaFeed.app"; sourceTree = BUILT_PRODUCTS_DIR; };
		58501B5D2444B9E8006A90B4 /* AppDelegate.swift */ = {isa = PBXFileReference; lastKnownFileType = sourcecode.swift; path = AppDelegate.swift; sourceTree = "<group>"; };
		58501B5F2444B9E8006A90B4 /* SceneDelegate.swift */ = {isa = PBXFileReference; lastKnownFileType = sourcecode.swift; path = SceneDelegate.swift; sourceTree = "<group>"; };
		58501B612444B9E8006A90B4 /* MediaFeedNewsController.swift */ = {isa = PBXFileReference; lastKnownFileType = sourcecode.swift; path = MediaFeedNewsController.swift; sourceTree = "<group>"; };
		58501B642444B9E8006A90B4 /* Base */ = {isa = PBXFileReference; lastKnownFileType = file.storyboard; name = Base; path = Base.lproj/Main.storyboard; sourceTree = "<group>"; };
		58501B692444B9EC006A90B4 /* Assets.xcassets */ = {isa = PBXFileReference; lastKnownFileType = folder.assetcatalog; path = Assets.xcassets; sourceTree = "<group>"; };
		58501B6C2444B9EC006A90B4 /* Base */ = {isa = PBXFileReference; lastKnownFileType = file.storyboard; name = Base; path = Base.lproj/LaunchScreen.storyboard; sourceTree = "<group>"; };
		58501B6E2444B9EC006A90B4 /* Info.plist */ = {isa = PBXFileReference; lastKnownFileType = text.plist.xml; path = Info.plist; sourceTree = "<group>"; };
		585664392446190500430A13 /* MediaFeedDataModel.xcdatamodel */ = {isa = PBXFileReference; lastKnownFileType = wrapper.xcdatamodel; path = MediaFeedDataModel.xcdatamodel; sourceTree = "<group>"; };
		5856643B24461BB700430A13 /* CDMediaObject+CoreDataClass.swift */ = {isa = PBXFileReference; lastKnownFileType = sourcecode.swift; path = "CDMediaObject+CoreDataClass.swift"; sourceTree = "<group>"; };
		5856643C24461BB700430A13 /* CDMediaObject+CoreDataProperties.swift */ = {isa = PBXFileReference; lastKnownFileType = sourcecode.swift; path = "CDMediaObject+CoreDataProperties.swift"; sourceTree = "<group>"; };
		5856643F24461C6F00430A13 /* CoreDataManager.swift */ = {isa = PBXFileReference; lastKnownFileType = sourcecode.swift; path = CoreDataManager.swift; sourceTree = "<group>"; };
		587274B02444C02E009A8ED2 /* MediaCell.swift */ = {isa = PBXFileReference; lastKnownFileType = sourcecode.swift; path = MediaCell.swift; sourceTree = "<group>"; };
		587274B22444C06C009A8ED2 /* HeaderView.swift */ = {isa = PBXFileReference; lastKnownFileType = sourcecode.swift; path = HeaderView.swift; sourceTree = "<group>"; };
		587274B42444C40B009A8ED2 /* MediaObject.swift */ = {isa = PBXFileReference; lastKnownFileType = sourcecode.swift; path = MediaObject.swift; sourceTree = "<group>"; };
		587274B62444EB55009A8ED2 /* URL+VideoPreviewThumbnail.swift */ = {isa = PBXFileReference; lastKnownFileType = sourcecode.swift; path = "URL+VideoPreviewThumbnail.swift"; sourceTree = "<group>"; };
		58C78C5C244751FB006322B6 /* Data+ConvertToURL.swift */ = {isa = PBXFileReference; lastKnownFileType = sourcecode.swift; path = "Data+ConvertToURL.swift"; sourceTree = "<group>"; };
/* End PBXFileReference section */

/* Begin PBXFrameworksBuildPhase section */
		58501B572444B9E8006A90B4 /* Frameworks */ = {
			isa = PBXFrameworksBuildPhase;
			buildActionMask = 2147483647;
			files = (
			);
			runOnlyForDeploymentPostprocessing = 0;
		};
/* End PBXFrameworksBuildPhase section */

/* Begin PBXGroup section */
		58501B512444B9E8006A90B4 = {
			isa = PBXGroup;
			children = (
				58501B5C2444B9E8006A90B4 /* AVFoundation-MediaFeed */,
				58501B5B2444B9E8006A90B4 /* Products */,
			);
			sourceTree = "<group>";
		};
		58501B5B2444B9E8006A90B4 /* Products */ = {
			isa = PBXGroup;
			children = (
				58501B5A2444B9E8006A90B4 /* AVFoundation-MediaFeed.app */,
			);
			name = Products;
			sourceTree = "<group>";
		};
		58501B5C2444B9E8006A90B4 /* AVFoundation-MediaFeed */ = {
			isa = PBXGroup;
			children = (
				5856644124461C8200430A13 /* Core Data */,
				5856644224461CA100430A13 /* Supporting files */,
				5856644324461D0900430A13 /* Views+Controllers+Storyboard */,
				58C049AE24462006004D6234 /* Extensions */,
				58501B6E2444B9EC006A90B4 /* Info.plist */,
			);
			path = "AVFoundation-MediaFeed";
			sourceTree = "<group>";
		};
		5856644124461C8200430A13 /* Core Data */ = {
			isa = PBXGroup;
			children = (
				5856643B24461BB700430A13 /* CDMediaObject+CoreDataClass.swift */,
				5856643C24461BB700430A13 /* CDMediaObject+CoreDataProperties.swift */,
				5856643F24461C6F00430A13 /* CoreDataManager.swift */,
				585664382446190500430A13 /* MediaFeedDataModel.xcdatamodeld */,
			);
			path = "Core Data";
			sourceTree = "<group>";
		};
		5856644224461CA100430A13 /* Supporting files */ = {
			isa = PBXGroup;
			children = (
				58501B692444B9EC006A90B4 /* Assets.xcassets */,
				58501B5D2444B9E8006A90B4 /* AppDelegate.swift */,
				58501B5F2444B9E8006A90B4 /* SceneDelegate.swift */,
				58501B6B2444B9EC006A90B4 /* LaunchScreen.storyboard */,
			);
			path = "Supporting files";
			sourceTree = "<group>";
		};
		5856644324461D0900430A13 /* Views+Controllers+Storyboard */ = {
			isa = PBXGroup;
			children = (
				587274B42444C40B009A8ED2 /* MediaObject.swift */,
				58501B612444B9E8006A90B4 /* MediaFeedNewsController.swift */,
				587274B02444C02E009A8ED2 /* MediaCell.swift */,
				58501B632444B9E8006A90B4 /* Main.storyboard */,
				587274B22444C06C009A8ED2 /* HeaderView.swift */,
			);
			path = "Views+Controllers+Storyboard";
			sourceTree = "<group>";
		};
		58C049AE24462006004D6234 /* Extensions */ = {
			isa = PBXGroup;
			children = (
				58C78C5C244751FB006322B6 /* Data+ConvertToURL.swift */,
				587274B62444EB55009A8ED2 /* URL+VideoPreviewThumbnail.swift */,
			);
			path = Extensions;
			sourceTree = "<group>";
		};
/* End PBXGroup section */

/* Begin PBXNativeTarget section */
		58501B592444B9E8006A90B4 /* AVFoundation-MediaFeed */ = {
			isa = PBXNativeTarget;
			buildConfigurationList = 58501B712444B9EC006A90B4 /* Build configuration list for PBXNativeTarget "AVFoundation-MediaFeed" */;
			buildPhases = (
				58501B562444B9E8006A90B4 /* Sources */,
				58501B572444B9E8006A90B4 /* Frameworks */,
				58501B582444B9E8006A90B4 /* Resources */,
			);
			buildRules = (
			);
			dependencies = (
			);
			name = "AVFoundation-MediaFeed";
			productName = "AVFoundation-MediaFeed";
			productReference = 58501B5A2444B9E8006A90B4 /* AVFoundation-MediaFeed.app */;
			productType = "com.apple.product-type.application";
		};
/* End PBXNativeTarget section */

/* Begin PBXProject section */
		58501B522444B9E8006A90B4 /* Project object */ = {
			isa = PBXProject;
			attributes = {
				LastSwiftUpdateCheck = 1140;
				LastUpgradeCheck = 1140;
				ORGANIZATIONNAME = "Eric Davenport";
				TargetAttributes = {
					58501B592444B9E8006A90B4 = {
						CreatedOnToolsVersion = 11.4;
					};
				};
			};
			buildConfigurationList = 58501B552444B9E8006A90B4 /* Build configuration list for PBXProject "AVFoundation-MediaFeed" */;
			compatibilityVersion = "Xcode 9.3";
			developmentRegion = en;
			hasScannedForEncodings = 0;
			knownRegions = (
				en,
				Base,
			);
			mainGroup = 58501B512444B9E8006A90B4;
			productRefGroup = 58501B5B2444B9E8006A90B4 /* Products */;
			projectDirPath = "";
			projectRoot = "";
			targets = (
				58501B592444B9E8006A90B4 /* AVFoundation-MediaFeed */,
			);
		};
/* End PBXProject section */

/* Begin PBXResourcesBuildPhase section */
		58501B582444B9E8006A90B4 /* Resources */ = {
			isa = PBXResourcesBuildPhase;
			buildActionMask = 2147483647;
			files = (
				58501B6D2444B9EC006A90B4 /* LaunchScreen.storyboard in Resources */,
				58501B6A2444B9EC006A90B4 /* Assets.xcassets in Resources */,
				58501B652444B9E8006A90B4 /* Main.storyboard in Resources */,
			);
			runOnlyForDeploymentPostprocessing = 0;
		};
/* End PBXResourcesBuildPhase section */

/* Begin PBXSourcesBuildPhase section */
		58501B562444B9E8006A90B4 /* Sources */ = {
			isa = PBXSourcesBuildPhase;
			buildActionMask = 2147483647;
			files = (
				587274B52444C40B009A8ED2 /* MediaObject.swift in Sources */,
				5856643A2446190500430A13 /* MediaFeedDataModel.xcdatamodeld in Sources */,
				5856643E24461BB700430A13 /* CDMediaObject+CoreDataProperties.swift in Sources */,
				587274B32444C06C009A8ED2 /* HeaderView.swift in Sources */,
				58501B622444B9E8006A90B4 /* MediaFeedNewsController.swift in Sources */,
				587274B12444C02E009A8ED2 /* MediaCell.swift in Sources */,
				58C78C5D244751FB006322B6 /* Data+ConvertToURL.swift in Sources */,
				587274B72444EB55009A8ED2 /* URL+VideoPreviewThumbnail.swift in Sources */,
				58501B5E2444B9E8006A90B4 /* AppDelegate.swift in Sources */,
				5856643D24461BB700430A13 /* CDMediaObject+CoreDataClass.swift in Sources */,
				58501B602444B9E8006A90B4 /* SceneDelegate.swift in Sources */,
				5856644024461C6F00430A13 /* CoreDataManager.swift in Sources */,
			);
			runOnlyForDeploymentPostprocessing = 0;
		};
/* End PBXSourcesBuildPhase section */

/* Begin PBXVariantGroup section */
		58501B632444B9E8006A90B4 /* Main.storyboard */ = {
			isa = PBXVariantGroup;
			children = (
				58501B642444B9E8006A90B4 /* Base */,
			);
			name = Main.storyboard;
			sourceTree = "<group>";
		};
		58501B6B2444B9EC006A90B4 /* LaunchScreen.storyboard */ = {
			isa = PBXVariantGroup;
			children = (
				58501B6C2444B9EC006A90B4 /* Base */,
			);
			name = LaunchScreen.storyboard;
			sourceTree = "<group>";
		};
/* End PBXVariantGroup section */

/* Begin XCBuildConfiguration section */
		58501B6F2444B9EC006A90B4 /* Debug */ = {
			isa = XCBuildConfiguration;
			buildSettings = {
				ALWAYS_SEARCH_USER_PATHS = NO;
				CLANG_ANALYZER_NONNULL = YES;
				CLANG_ANALYZER_NUMBER_OBJECT_CONVERSION = YES_AGGRESSIVE;
				CLANG_CXX_LANGUAGE_STANDARD = "gnu++14";
				CLANG_CXX_LIBRARY = "libc++";
				CLANG_ENABLE_MODULES = YES;
				CLANG_ENABLE_OBJC_ARC = YES;
				CLANG_ENABLE_OBJC_WEAK = YES;
				CLANG_WARN_BLOCK_CAPTURE_AUTORELEASING = YES;
				CLANG_WARN_BOOL_CONVERSION = YES;
				CLANG_WARN_COMMA = YES;
				CLANG_WARN_CONSTANT_CONVERSION = YES;
				CLANG_WARN_DEPRECATED_OBJC_IMPLEMENTATIONS = YES;
				CLANG_WARN_DIRECT_OBJC_ISA_USAGE = YES_ERROR;
				CLANG_WARN_DOCUMENTATION_COMMENTS = YES;
				CLANG_WARN_EMPTY_BODY = YES;
				CLANG_WARN_ENUM_CONVERSION = YES;
				CLANG_WARN_INFINITE_RECURSION = YES;
				CLANG_WARN_INT_CONVERSION = YES;
				CLANG_WARN_NON_LITERAL_NULL_CONVERSION = YES;
				CLANG_WARN_OBJC_IMPLICIT_RETAIN_SELF = YES;
				CLANG_WARN_OBJC_LITERAL_CONVERSION = YES;
				CLANG_WARN_OBJC_ROOT_CLASS = YES_ERROR;
				CLANG_WARN_RANGE_LOOP_ANALYSIS = YES;
				CLANG_WARN_STRICT_PROTOTYPES = YES;
				CLANG_WARN_SUSPICIOUS_MOVE = YES;
				CLANG_WARN_UNGUARDED_AVAILABILITY = YES_AGGRESSIVE;
				CLANG_WARN_UNREACHABLE_CODE = YES;
				CLANG_WARN__DUPLICATE_METHOD_MATCH = YES;
				COPY_PHASE_STRIP = NO;
				DEBUG_INFORMATION_FORMAT = dwarf;
				ENABLE_STRICT_OBJC_MSGSEND = YES;
				ENABLE_TESTABILITY = YES;
				GCC_C_LANGUAGE_STANDARD = gnu11;
				GCC_DYNAMIC_NO_PIC = NO;
				GCC_NO_COMMON_BLOCKS = YES;
				GCC_OPTIMIZATION_LEVEL = 0;
				GCC_PREPROCESSOR_DEFINITIONS = (
					"DEBUG=1",
					"$(inherited)",
				);
				GCC_WARN_64_TO_32_BIT_CONVERSION = YES;
				GCC_WARN_ABOUT_RETURN_TYPE = YES_ERROR;
				GCC_WARN_UNDECLARED_SELECTOR = YES;
				GCC_WARN_UNINITIALIZED_AUTOS = YES_AGGRESSIVE;
				GCC_WARN_UNUSED_FUNCTION = YES;
				GCC_WARN_UNUSED_VARIABLE = YES;
				IPHONEOS_DEPLOYMENT_TARGET = 13.4;
				MTL_ENABLE_DEBUG_INFO = INCLUDE_SOURCE;
				MTL_FAST_MATH = YES;
				ONLY_ACTIVE_ARCH = YES;
				SDKROOT = iphoneos;
				SWIFT_ACTIVE_COMPILATION_CONDITIONS = DEBUG;
				SWIFT_OPTIMIZATION_LEVEL = "-Onone";
			};
			name = Debug;
		};
		58501B702444B9EC006A90B4 /* Release */ = {
			isa = XCBuildConfiguration;
			buildSettings = {
				ALWAYS_SEARCH_USER_PATHS = NO;
				CLANG_ANALYZER_NONNULL = YES;
				CLANG_ANALYZER_NUMBER_OBJECT_CONVERSION = YES_AGGRESSIVE;
				CLANG_CXX_LANGUAGE_STANDARD = "gnu++14";
				CLANG_CXX_LIBRARY = "libc++";
				CLANG_ENABLE_MODULES = YES;
				CLANG_ENABLE_OBJC_ARC = YES;
				CLANG_ENABLE_OBJC_WEAK = YES;
				CLANG_WARN_BLOCK_CAPTURE_AUTORELEASING = YES;
				CLANG_WARN_BOOL_CONVERSION = YES;
				CLANG_WARN_COMMA = YES;
				CLANG_WARN_CONSTANT_CONVERSION = YES;
				CLANG_WARN_DEPRECATED_OBJC_IMPLEMENTATIONS = YES;
				CLANG_WARN_DIRECT_OBJC_ISA_USAGE = YES_ERROR;
				CLANG_WARN_DOCUMENTATION_COMMENTS = YES;
				CLANG_WARN_EMPTY_BODY = YES;
				CLANG_WARN_ENUM_CONVERSION = YES;
				CLANG_WARN_INFINITE_RECURSION = YES;
				CLANG_WARN_INT_CONVERSION = YES;
				CLANG_WARN_NON_LITERAL_NULL_CONVERSION = YES;
				CLANG_WARN_OBJC_IMPLICIT_RETAIN_SELF = YES;
				CLANG_WARN_OBJC_LITERAL_CONVERSION = YES;
				CLANG_WARN_OBJC_ROOT_CLASS = YES_ERROR;
				CLANG_WARN_RANGE_LOOP_ANALYSIS = YES;
				CLANG_WARN_STRICT_PROTOTYPES = YES;
				CLANG_WARN_SUSPICIOUS_MOVE = YES;
				CLANG_WARN_UNGUARDED_AVAILABILITY = YES_AGGRESSIVE;
				CLANG_WARN_UNREACHABLE_CODE = YES;
				CLANG_WARN__DUPLICATE_METHOD_MATCH = YES;
				COPY_PHASE_STRIP = NO;
				DEBUG_INFORMATION_FORMAT = "dwarf-with-dsym";
				ENABLE_NS_ASSERTIONS = NO;
				ENABLE_STRICT_OBJC_MSGSEND = YES;
				GCC_C_LANGUAGE_STANDARD = gnu11;
				GCC_NO_COMMON_BLOCKS = YES;
				GCC_WARN_64_TO_32_BIT_CONVERSION = YES;
				GCC_WARN_ABOUT_RETURN_TYPE = YES_ERROR;
				GCC_WARN_UNDECLARED_SELECTOR = YES;
				GCC_WARN_UNINITIALIZED_AUTOS = YES_AGGRESSIVE;
				GCC_WARN_UNUSED_FUNCTION = YES;
				GCC_WARN_UNUSED_VARIABLE = YES;
				IPHONEOS_DEPLOYMENT_TARGET = 13.4;
				MTL_ENABLE_DEBUG_INFO = NO;
				MTL_FAST_MATH = YES;
				SDKROOT = iphoneos;
				SWIFT_COMPILATION_MODE = wholemodule;
				SWIFT_OPTIMIZATION_LEVEL = "-O";
				VALIDATE_PRODUCT = YES;
			};
			name = Release;
		};
		58501B722444B9EC006A90B4 /* Debug */ = {
			isa = XCBuildConfiguration;
			buildSettings = {
				ASSETCATALOG_COMPILER_APPICON_NAME = AppIcon;
				CODE_SIGN_STYLE = Automatic;
				DEVELOPMENT_TEAM = 3YV6C3YLPG;
				INFOPLIST_FILE = "AVFoundation-MediaFeed/Info.plist";
				LD_RUNPATH_SEARCH_PATHS = (
					"$(inherited)",
					"@executable_path/Frameworks",
				);
				PRODUCT_BUNDLE_IDENTIFIER = "org.ericdavenport.AVFoundation-MediaFeed";
				PRODUCT_NAME = "$(TARGET_NAME)";
				SWIFT_VERSION = 5.0;
				TARGETED_DEVICE_FAMILY = "1,2";
			};
			name = Debug;
		};
		58501B732444B9EC006A90B4 /* Release */ = {
			isa = XCBuildConfiguration;
			buildSettings = {
				ASSETCATALOG_COMPILER_APPICON_NAME = AppIcon;
				CODE_SIGN_STYLE = Automatic;
				DEVELOPMENT_TEAM = 3YV6C3YLPG;
				INFOPLIST_FILE = "AVFoundation-MediaFeed/Info.plist";
				LD_RUNPATH_SEARCH_PATHS = (
					"$(inherited)",
					"@executable_path/Frameworks",
				);
				PRODUCT_BUNDLE_IDENTIFIER = "org.ericdavenport.AVFoundation-MediaFeed";
				PRODUCT_NAME = "$(TARGET_NAME)";
				SWIFT_VERSION = 5.0;
				TARGETED_DEVICE_FAMILY = "1,2";
			};
			name = Release;
		};
/* End XCBuildConfiguration section */

/* Begin XCConfigurationList section */
		58501B552444B9E8006A90B4 /* Build configuration list for PBXProject "AVFoundation-MediaFeed" */ = {
			isa = XCConfigurationList;
			buildConfigurations = (
				58501B6F2444B9EC006A90B4 /* Debug */,
				58501B702444B9EC006A90B4 /* Release */,
			);
			defaultConfigurationIsVisible = 0;
			defaultConfigurationName = Release;
		};
		58501B712444B9EC006A90B4 /* Build configuration list for PBXNativeTarget "AVFoundation-MediaFeed" */ = {
			isa = XCConfigurationList;
			buildConfigurations = (
				58501B722444B9EC006A90B4 /* Debug */,
				58501B732444B9EC006A90B4 /* Release */,
			);
			defaultConfigurationIsVisible = 0;
			defaultConfigurationName = Release;
		};
/* End XCConfigurationList section */

/* Begin XCVersionGroup section */
		585664382446190500430A13 /* MediaFeedDataModel.xcdatamodeld */ = {
			isa = XCVersionGroup;
			children = (
				585664392446190500430A13 /* MediaFeedDataModel.xcdatamodel */,
			);
			currentVersion = 585664392446190500430A13 /* MediaFeedDataModel.xcdatamodel */;
			path = MediaFeedDataModel.xcdatamodeld;
			sourceTree = "<group>";
			versionGroupType = wrapper.xcdatamodel;
		};
/* End XCVersionGroup section */
	};
	rootObject = 58501B522444B9E8006A90B4 /* Project object */;
}
